
Microsoft Visual Studio Solution File, Format Version 12.00
# Visual Studio Version 17
VisualStudioVersion = 17.10.35027.167
MinimumVisualStudioVersion = 10.0.40219.1
Project("{9A19103F-16F7-4668-BE54-9A1E7A4F7556}") = "c01variables", "c01variables\c01variables.csproj", "{067AE539-B51A-45C3-B0A9-96EE26237EB4}"
EndProject
Project("{9A19103F-16F7-4668-BE54-9A1E7A4F7556}") = "c02operators", "c02operators\c02operators.csproj", "{84C78595-8355-4BC7-A5F3-29F417AA15E0}"
EndProject
Project("{FAE04EC0-301F-11D3-BF4B-00C04F79EFBC}") = "c04array", "c04array\c04array.csproj", "{93B72FE8-3AF5-42D1-BFEA-B7EC7AD45ECD}"
EndProject
Global
	GlobalSection(SolutionConfigurationPlatforms) = preSolution
		Debug|Any CPU = Debug|Any CPU
		Release|Any CPU = Release|Any CPU
	EndGlobalSection
	GlobalSection(ProjectConfigurationPlatforms) = postSolution
		{067AE539-B51A-45C3-B0A9-96EE26237EB4}.Debug|Any CPU.ActiveCfg = Debug|Any CPU
		{067AE539-B51A-45C3-B0A9-96EE26237EB4}.Debug|Any CPU.Build.0 = Debug|Any CPU
		{067AE539-B51A-45C3-B0A9-96EE26237EB4}.Release|Any CPU.ActiveCfg = Release|Any CPU
		{067AE539-B51A-45C3-B0A9-96EE26237EB4}.Release|Any CPU.Build.0 = Release|Any CPU
		{84C78595-8355-4BC7-A5F3-29F417AA15E0}.Debug|Any CPU.ActiveCfg = Debug|Any CPU
		{84C78595-8355-4BC7-A5F3-29F417AA15E0}.Debug|Any CPU.Build.0 = Debug|Any CPU
		{84C78595-8355-4BC7-A5F3-29F417AA15E0}.Release|Any CPU.ActiveCfg = Release|Any CPU
		{84C78595-8355-4BC7-A5F3-29F417AA15E0}.Release|Any CPU.Build.0 = Release|Any CPU
		{93B72FE8-3AF5-42D1-BFEA-B7EC7AD45ECD}.Debug|Any CPU.ActiveCfg = Debug|Any CPU
		{93B72FE8-3AF5-42D1-BFEA-B7EC7AD45ECD}.Debug|Any CPU.Build.0 = Debug|Any CPU
		{93B72FE8-3AF5-42D1-BFEA-B7EC7AD45ECD}.Release|Any CPU.ActiveCfg = Release|Any CPU
		{93B72FE8-3AF5-42D1-BFEA-B7EC7AD45ECD}.Release|Any CPU.Build.0 = Release|Any CPU
	EndGlobalSection
	GlobalSection(SolutionProperties) = preSolution
		HideSolutionNode = FALSE
	EndGlobalSection
	GlobalSection(ExtensibilityGlobals) = postSolution
		SolutionGuid = {D723E3E8-9A02-4815-B124-BE4B4C5FDA4D}
	EndGlobalSection
EndGlobal
